{
  "requires": true,
  "lockfileVersion": 1,
  "dependencies": {
    "embla-carousel": {
      "version": "4.3.0",
      "resolved": "https://registry.npmjs.org/embla-carousel/-/embla-carousel-4.3.0.tgz",
      "integrity": "sha512-BLqjl3b9wyRywE9nfFgdfxr6N/DS5Cr6NKkA7oIU5s1XdxAXYTgYZ/gc9cN1KzbPtYZKkQOBpeLOOqZ8TK0IPA=="
    }
  }
}
